
Microsoft Visual Studio Solution File, Format Version 12.00
# Visual Studio Version 16
VisualStudioVersion = 16.0.30114.105
MinimumVisualStudioVersion = 10.0.40219.1
Project("{FAE04EC0-301F-11D3-BF4B-00C04F79EFBC}") = "Aria2", "Aria2\Aria2.csproj", "{47CADB2C-9AFD-4498-A039-A243987FD840}"
EndProject
Global
	GlobalSection(SolutionConfigurationPlatforms) = preSolution
		Debug|Any CPU = Debug|Any CPU
		Release|Any CPU = Release|Any CPU
	EndGlobalSection
	GlobalSection(ProjectConfigurationPlatforms) = postSolution
		{47CADB2C-9AFD-4498-A039-A243987FD840}.Debug|Any CPU.ActiveCfg = Debug|Any CPU
		{47CADB2C-9AFD-4498-A039-A243987FD840}.Debug|Any CPU.Build.0 = Debug|Any CPU
		{47CADB2C-9AFD-4498-A039-A243987FD840}.Release|Any CPU.ActiveCfg = Release|Any CPU
		{47CADB2C-9AFD-4498-A039-A243987FD840}.Release|Any CPU.Build.0 = Release|Any CPU
	EndGlobalSection
	GlobalSection(SolutionProperties) = preSolution
		HideSolutionNode = FALSE
	EndGlobalSection
	GlobalSection(ExtensibilityGlobals) = postSolution
		SolutionGuid = {A99B3572-3CB9-4C49-AECC-B9B97DCCD0BF}
	EndGlobalSection
EndGlobal
